
Microsoft Visual Studio Solution File, Format Version 12.00
# Visual Studio Version 17
VisualStudioVersion = 17.14.36414.22
MinimumVisualStudioVersion = 10.0.40219.1
Project("{8BC9CEB8-8B4A-11D0-8D11-00A0C91BC942}") = "task1", "Lab0.vcxproj", "{79F61781-A794-4075-9BFC-E1C4C3967A34}"
EndProject
Project("{8BC9CEB8-8B4A-11D0-8D11-00A0C91BC942}") = "task2", "task1\task1.vcxproj", "{03D162BB-CF3F-41A2-8C13-C176F895EECF}"
EndProject
Project("{8BC9CEB8-8B4A-11D0-8D11-00A0C91BC942}") = "task3", "..\task3\task3.vcxproj", "{AA5C61BC-442A-43F6-B07E-65AE8E740BAF}"
EndProject
Project("{8BC9CEB8-8B4A-11D0-8D11-00A0C91BC942}") = "task4", "task4\task4.vcxproj", "{AD755A02-4DA5-41AA-9EC2-C5C1074ABFE5}"
EndProject
Project("{2150E333-8FDC-42A3-9474-1A3956D46DE8}") = "Элементы решения", "Элементы решения", "{754FC069-D67B-A9D7-50A1-8D1CA196D8F1}"
	ProjectSection(SolutionItems) = preProject
		readme.txt = readme.txt
	EndProjectSection
EndProject
Global
	GlobalSection(SolutionConfigurationPlatforms) = preSolution
		Debug|x64 = Debug|x64
		Debug|x86 = Debug|x86
		Release|x64 = Release|x64
		Release|x86 = Release|x86
	EndGlobalSection
	GlobalSection(ProjectConfigurationPlatforms) = postSolution
		{79F61781-A794-4075-9BFC-E1C4C3967A34}.Debug|x64.ActiveCfg = Debug|x64
		{79F61781-A794-4075-9BFC-E1C4C3967A34}.Debug|x64.Build.0 = Debug|x64
		{79F61781-A794-4075-9BFC-E1C4C3967A34}.Debug|x86.ActiveCfg = Debug|Win32
		{79F61781-A794-4075-9BFC-E1C4C3967A34}.Debug|x86.Build.0 = Debug|Win32
		{79F61781-A794-4075-9BFC-E1C4C3967A34}.Release|x64.ActiveCfg = Release|x64
		{79F61781-A794-4075-9BFC-E1C4C3967A34}.Release|x64.Build.0 = Release|x64
		{79F61781-A794-4075-9BFC-E1C4C3967A34}.Release|x86.ActiveCfg = Release|Win32
		{79F61781-A794-4075-9BFC-E1C4C3967A34}.Release|x86.Build.0 = Release|Win32
		{03D162BB-CF3F-41A2-8C13-C176F895EECF}.Debug|x64.ActiveCfg = Debug|x64
		{03D162BB-CF3F-41A2-8C13-C176F895EECF}.Debug|x64.Build.0 = Debug|x64
		{03D162BB-CF3F-41A2-8C13-C176F895EECF}.Debug|x86.ActiveCfg = Debug|Win32
		{03D162BB-CF3F-41A2-8C13-C176F895EECF}.Debug|x86.Build.0 = Debug|Win32
		{03D162BB-CF3F-41A2-8C13-C176F895EECF}.Release|x64.ActiveCfg = Release|x64
		{03D162BB-CF3F-41A2-8C13-C176F895EECF}.Release|x64.Build.0 = Release|x64
		{03D162BB-CF3F-41A2-8C13-C176F895EECF}.Release|x86.ActiveCfg = Release|Win32
		{03D162BB-CF3F-41A2-8C13-C176F895EECF}.Release|x86.Build.0 = Release|Win32
		{AA5C61BC-442A-43F6-B07E-65AE8E740BAF}.Debug|x64.ActiveCfg = Debug|x64
		{AA5C61BC-442A-43F6-B07E-65AE8E740BAF}.Debug|x64.Build.0 = Debug|x64
		{AA5C61BC-442A-43F6-B07E-65AE8E740BAF}.Debug|x86.ActiveCfg = Debug|Win32
		{AA5C61BC-442A-43F6-B07E-65AE8E740BAF}.Debug|x86.Build.0 = Debug|Win32
		{AA5C61BC-442A-43F6-B07E-65AE8E740BAF}.Release|x64.ActiveCfg = Release|x64
		{AA5C61BC-442A-43F6-B07E-65AE8E740BAF}.Release|x64.Build.0 = Release|x64
		{AA5C61BC-442A-43F6-B07E-65AE8E740BAF}.Release|x86.ActiveCfg = Release|Win32
		{AA5C61BC-442A-43F6-B07E-65AE8E740BAF}.Release|x86.Build.0 = Release|Win32
		{AD755A02-4DA5-41AA-9EC2-C5C1074ABFE5}.Debug|x64.ActiveCfg = Debug|x64
		{AD755A02-4DA5-41AA-9EC2-C5C1074ABFE5}.Debug|x64.Build.0 = Debug|x64
		{AD755A02-4DA5-41AA-9EC2-C5C1074ABFE5}.Debug|x86.ActiveCfg = Debug|Win32
		{AD755A02-4DA5-41AA-9EC2-C5C1074ABFE5}.Debug|x86.Build.0 = Debug|Win32
		{AD755A02-4DA5-41AA-9EC2-C5C1074ABFE5}.Release|x64.ActiveCfg = Release|x64
		{AD755A02-4DA5-41AA-9EC2-C5C1074ABFE5}.Release|x64.Build.0 = Release|x64
		{AD755A02-4DA5-41AA-9EC2-C5C1074ABFE5}.Release|x86.ActiveCfg = Release|Win32
		{AD755A02-4DA5-41AA-9EC2-C5C1074ABFE5}.Release|x86.Build.0 = Release|Win32
	EndGlobalSection
	GlobalSection(SolutionProperties) = preSolution
		HideSolutionNode = FALSE
	EndGlobalSection
	GlobalSection(ExtensibilityGlobals) = postSolution
		SolutionGuid = {0A3EF9F4-F4C3-481D-A4A3-38D704CFAECD}
	EndGlobalSection
EndGlobal
